<?xml version="1.0" encoding="utf-8"?>
<Project ToolsVersion="4.0" xmlns="http://schemas.microsoft.com/developer/msbuild/2003">
  <ItemGroup>
    <Filter Include="Source Files">
      <UniqueIdentifier>{4FC737F1-C7A5-4376-A066-2A32D752A2FF}</UniqueIdentifier>
      <Extensions>cpp;c;cc;cxx;def;odl;idl;hpj;bat;asm;asmx</Extensions>
    </Filter>
    <Filter Include="Header Files">
      <UniqueIdentifier>{93995380-89BD-4b04-88EB-625FBE52EBFB}</UniqueIdentifier>
      <Extensions>h;hh;hpp;hxx;hm;inl;inc;xsd</Extensions>
    </Filter>
    <Filter Include="Resource Files">
      <UniqueIdentifier>{67DA6AB6-F800-4c08-8B7A-83BB121AAD01}</UniqueIdentifier>
      <Extensions>rc;ico;cur;bmp;dlg;rc2;rct;bin;rgs;gif;jpg;jpeg;jpe;resx;tiff;tif;png;wav;mfcribbon-ms</Extensions>
    </Filter>
    <Filter Include="Header Files\PLDA">
      <UniqueIdentifier>{6283a8ec-f999-4e77-bcab-c2ef8c09a072}</UniqueIdentifier>
    </Filter>
    <Filter Include="Source Files\PLDA">
      <UniqueIdentifier>{9f6e3479-cb9c-4edf-ae1e-3e081fd5dd08}</UniqueIdentifier>
    </Filter>
  </ItemGroup>
  <ItemGroup>
    <Text Include="ReadMe.txt" />
  </ItemGroup>
  <ItemGroup>
    <ClCompile Include="ModelEvaluation.cpp">
      <Filter>Source Files</Filter>
    </ClCompile>
    <ClCompile Include="..\PLDA\task_partition.cpp">
      <Filter>Source Files\PLDA</Filter>
    </ClCompile>
    <ClCompile Include="..\PLDA\clwrapper.cpp">
      <Filter>Source Files\PLDA</Filter>
    </ClCompile>
    <ClCompile Include="..\PLDA\corpus.cpp">
      <Filter>Source Files\PLDA</Filter>
    </ClCompile>
    <ClCompile Include="..\PLDA\document.cpp">
      <Filter>Source Files\PLDA</Filter>
    </ClCompile>
    <ClCompile Include="..\PLDA\job_config.cpp">
      <Filter>Source Files\PLDA</Filter>
    </ClCompile>
    <ClCompile Include="..\PLDA\lda_interface.cpp">
      <Filter>Source Files\PLDA</Filter>
    </ClCompile>
    <ClCompile Include="..\PLDA\model.cpp">
      <Filter>Source Files\PLDA</Filter>
    </ClCompile>
    <ClCompile Include="..\PLDA\sampler.cpp">
      <Filter>Source Files\PLDA</Filter>
    </ClCompile>
    <ClCompile Include="..\PLDA\task_executor.cpp">
      <Filter>Source Files\PLDA</Filter>
    </ClCompile>
    <ClCompile Include="..\PLDA\task_initiator.cpp">
      <Filter>Source Files\PLDA</Filter>
    </ClCompile>
  </ItemGroup>
  <ItemGroup>
    <ClInclude Include="..\PLDA\clwrapper.h">
      <Filter>Header Files\PLDA</Filter>
    </ClInclude>
    <ClInclude Include="..\PLDA\corpus.h">
      <Filter>Header Files\PLDA</Filter>
    </ClInclude>
    <ClInclude Include="..\PLDA\document.h">
      <Filter>Header Files\PLDA</Filter>
    </ClInclude>
    <ClInclude Include="..\PLDA\job_config.h">
      <Filter>Header Files\PLDA</Filter>
    </ClInclude>
    <ClInclude Include="..\PLDA\json.hpp">
      <Filter>Header Files\PLDA</Filter>
    </ClInclude>
    <ClInclude Include="..\PLDA\lda_interface.h">
      <Filter>Header Files\PLDA</Filter>
    </ClInclude>
    <ClInclude Include="..\PLDA\model.h">
      <Filter>Header Files\PLDA</Filter>
    </ClInclude>
    <ClInclude Include="..\PLDA\mpi_helper.h">
      <Filter>Header Files\PLDA</Filter>
    </ClInclude>
    <ClInclude Include="..\PLDA\sampler.h">
      <Filter>Header Files\PLDA</Filter>
    </ClInclude>
    <ClInclude Include="..\PLDA\shared_header.h">
      <Filter>Header Files\PLDA</Filter>
    </ClInclude>
    <ClInclude Include="..\PLDA\task_executor.h">
      <Filter>Header Files\PLDA</Filter>
    </ClInclude>
    <ClInclude Include="..\PLDA\task_initiator.h">
      <Filter>Header Files\PLDA</Filter>
    </ClInclude>
    <ClInclude Include="..\PLDA\task_partition.h">
      <Filter>Header Files\PLDA</Filter>
    </ClInclude>
    <ClInclude Include="..\PLDA\timer.h">
      <Filter>Header Files\PLDA</Filter>
    </ClInclude>
    <ClInclude Include="EvalModule.hpp">
      <Filter>Header Files</Filter>
    </ClInclude>
  </ItemGroup>
</Project>